{
  "name": "devy-site",
  "version": "1.0.0",
  "lockfileVersion": 3,
  "requires": true,
  "packages": {
    "": {
      "name": "devy-site",
      "version": "1.0.0",
      "devDependencies": {
        "vhs": "^0.2.0"
      }
    },
    "node_modules/colors.css": {
      "version": "2.3.0",
      "resolved": "https://registry.npmjs.org/colors.css/-/colors.css-2.3.0.tgz",
      "integrity": "sha512-E+RcMAceA0XwvmHdhy1TqwDLNrj8nXj6mCWTfLsNyW/wGr9TEj54AJ1/qh/VTcmZxMeSmRw3hIZv/Qf45qZwig==",
      "dev": true,
      "engines": {
        "node": ">=0.10.22"
      }
    },
    "node_modules/vhs": {
      "version": "0.2.0",
      "resolved": "https://registry.npmjs.org/vhs/-/vhs-0.2.0.tgz",
      "integrity": "sha512-XwbkS/uCfH+xc6ooa/auGA1EI6QhxdcRrYgc0yn0synii47mFIK1V7u19q2FVs3JVcRiF4u1LVoi8CxIixnPEg==",
      "dev": true,
      "dependencies": {
        "colors.css": "^2.3.0"
      }
    }
  }
}
